
Microsoft Visual Studio Solution File, Format Version 12.00
# Visual Studio Version 16
VisualStudioVersion = 16.0.30907.101
MinimumVisualStudioVersion = 10.0.40219.1
Project("{FAE04EC0-301F-11D3-BF4B-00C04F79EFBC}") = "ListFiltering", "ListFiltering.csproj", "{A0EE72DF-7A0E-435A-880A-2C7BA6DC2A0A}"
EndProject
Global
	GlobalSection(SolutionConfigurationPlatforms) = preSolution
		Debug|Any CPU = Debug|Any CPU
		Release|Any CPU = Release|Any CPU
	EndGlobalSection
	GlobalSection(ProjectConfigurationPlatforms) = postSolution
		{A0EE72DF-7A0E-435A-880A-2C7BA6DC2A0A}.Debug|Any CPU.ActiveCfg = Debug|Any CPU
		{A0EE72DF-7A0E-435A-880A-2C7BA6DC2A0A}.Debug|Any CPU.Build.0 = Debug|Any CPU
		{A0EE72DF-7A0E-435A-880A-2C7BA6DC2A0A}.Release|Any CPU.ActiveCfg = Release|Any CPU
		{A0EE72DF-7A0E-435A-880A-2C7BA6DC2A0A}.Release|Any CPU.Build.0 = Release|Any CPU
	EndGlobalSection
	GlobalSection(SolutionProperties) = preSolution
		HideSolutionNode = FALSE
	EndGlobalSection
	GlobalSection(ExtensibilityGlobals) = postSolution
		SolutionGuid = {654ABCE0-51B9-4EAD-B0E7-E85FD0DA090B}
	EndGlobalSection
EndGlobal
